
Microsoft Visual Studio Solution File, Format Version 12.00
# Visual Studio 15
VisualStudioVersion = 15.0.27130.2024
MinimumVisualStudioVersion = 10.0.40219.1
Project("{FAE04EC0-301F-11D3-BF4B-00C04F79EFBC}") = "MyFirstCoreProject", "MyFirstCoreProject\MyFirstCoreProject.csproj", "{FDD1BCF6-4561-4C25-A32B-9377D11FD401}"
EndProject
Global
	GlobalSection(SolutionConfigurationPlatforms) = preSolution
		Debug|Any CPU = Debug|Any CPU
		Release|Any CPU = Release|Any CPU
	EndGlobalSection
	GlobalSection(ProjectConfigurationPlatforms) = postSolution
		{FDD1BCF6-4561-4C25-A32B-9377D11FD401}.Debug|Any CPU.ActiveCfg = Debug|Any CPU
		{FDD1BCF6-4561-4C25-A32B-9377D11FD401}.Debug|Any CPU.Build.0 = Debug|Any CPU
		{FDD1BCF6-4561-4C25-A32B-9377D11FD401}.Release|Any CPU.ActiveCfg = Release|Any CPU
		{FDD1BCF6-4561-4C25-A32B-9377D11FD401}.Release|Any CPU.Build.0 = Release|Any CPU
	EndGlobalSection
	GlobalSection(SolutionProperties) = preSolution
		HideSolutionNode = FALSE
	EndGlobalSection
	GlobalSection(ExtensibilityGlobals) = postSolution
		SolutionGuid = {8CDDBF4B-AB4F-42F2-9FC7-17B0B4297EEF}
	EndGlobalSection
EndGlobal
